
Microsoft Visual Studio Solution File, Format Version 12.00
# Visual Studio 15
VisualStudioVersion = 15.0.27428.1
MinimumVisualStudioVersion = 10.0.40219.1
Project("{9A19103F-16F7-4668-BE54-9A1E7A4F7556}") = "IntroducingCS", "IntroducingCS\IntroducingCS.csproj", "{9535E1B5-598C-4536-B091-8DC392FE8803}"
EndProject
Project("{9A19103F-16F7-4668-BE54-9A1E7A4F7556}") = "If_Statement", "if_statement\If_Statement.csproj", "{516F0D1C-88C2-40EB-8089-252D11513A3D}"
EndProject
Project("{9A19103F-16F7-4668-BE54-9A1E7A4F7556}") = "Ifelse_Statement", "Ifelse_Statement\Ifelse_Statement.csproj", "{96EFB417-B4CB-4090-863C-615F17D2DC45}"
EndProject
Project("{9A19103F-16F7-4668-BE54-9A1E7A4F7556}") = "SwitchStatement", "SwitchStatement\SwitchStatement.csproj", "{80E8D8E1-BB16-42CE-A43F-9FD1FD5F5E53}"
EndProject
Project("{9A19103F-16F7-4668-BE54-9A1E7A4F7556}") = "while_Statement", "while_Statement\while_Statement.csproj", "{45BB020C-AEF4-469B-B422-B2151EB36944}"
EndProject
Project("{9A19103F-16F7-4668-BE54-9A1E7A4F7556}") = "Dowhile_statement", "Dowhile_statement\Dowhile_statement.csproj", "{C9659000-2D6A-428D-B44F-020FB0CF5DB0}"
EndProject
Project("{9A19103F-16F7-4668-BE54-9A1E7A4F7556}") = "ForStatement", "ForStatement\ForStatement.csproj", "{B98E3221-21A9-4A65-A8CE-C33117790134}"
EndProject
Project("{9A19103F-16F7-4668-BE54-9A1E7A4F7556}") = "ForEach_statement", "ForEach_statement\ForEach_statement.csproj", "{44A813EC-C2B0-4B70-A446-1847BDA653EA}"
EndProject
Project("{9A19103F-16F7-4668-BE54-9A1E7A4F7556}") = "RecursiveFactorial", "RecursiveFactorial\RecursiveFactorial.csproj", "{6A0F9FAE-1512-43E2-9CCD-13C3485AD802}"
EndProject
Project("{9A19103F-16F7-4668-BE54-9A1E7A4F7556}") = "HandlingException", "HandlingException\HandlingException.csproj", "{71BE66FA-B596-497F-AD5B-7D530CD05C6E}"
EndProject
Project("{9A19103F-16F7-4668-BE54-9A1E7A4F7556}") = "TryCatchFinally", "TryCatchFinally\TryCatchFinally.csproj", "{BB7E5241-7C39-4D7C-86E0-DBD2B92DACC3}"
EndProject
Project("{FAE04EC0-301F-11D3-BF4B-00C04F79EFBC}") = "PracticeTasks01", "PracticeTasks01\PracticeTasks01.csproj", "{612EE685-F769-407D-BEDB-8035EB8B27E1}"
EndProject
Project("{FAE04EC0-301F-11D3-BF4B-00C04F79EFBC}") = "Practicetask0102", "Practicetask0102\Practicetask0102.csproj", "{69A0A55E-1ED1-421E-AD70-D4FB68C0904F}"
EndProject
Project("{FAE04EC0-301F-11D3-BF4B-00C04F79EFBC}") = "Practice0103Flowchart", "Practice0103Flowchart\Practice0103Flowchart.csproj", "{3070EC32-E649-49F1-9EA9-311A4789B331}"
EndProject
Project("{FAE04EC0-301F-11D3-BF4B-00C04F79EFBC}") = "Practice0104Recursive", "Practice0104Recursive\Practice0104Recursive.csproj", "{160B4D7E-0D2D-4E37-99D1-619BA359D4E5}"
EndProject
Global
	GlobalSection(SolutionConfigurationPlatforms) = preSolution
		Debug|Any CPU = Debug|Any CPU
		Release|Any CPU = Release|Any CPU
	EndGlobalSection
	GlobalSection(ProjectConfigurationPlatforms) = postSolution
		{9535E1B5-598C-4536-B091-8DC392FE8803}.Debug|Any CPU.ActiveCfg = Debug|Any CPU
		{9535E1B5-598C-4536-B091-8DC392FE8803}.Debug|Any CPU.Build.0 = Debug|Any CPU
		{9535E1B5-598C-4536-B091-8DC392FE8803}.Release|Any CPU.ActiveCfg = Release|Any CPU
		{9535E1B5-598C-4536-B091-8DC392FE8803}.Release|Any CPU.Build.0 = Release|Any CPU
		{516F0D1C-88C2-40EB-8089-252D11513A3D}.Debug|Any CPU.ActiveCfg = Debug|Any CPU
		{516F0D1C-88C2-40EB-8089-252D11513A3D}.Debug|Any CPU.Build.0 = Debug|Any CPU
		{516F0D1C-88C2-40EB-8089-252D11513A3D}.Release|Any CPU.ActiveCfg = Release|Any CPU
		{516F0D1C-88C2-40EB-8089-252D11513A3D}.Release|Any CPU.Build.0 = Release|Any CPU
		{96EFB417-B4CB-4090-863C-615F17D2DC45}.Debug|Any CPU.ActiveCfg = Debug|Any CPU
		{96EFB417-B4CB-4090-863C-615F17D2DC45}.Debug|Any CPU.Build.0 = Debug|Any CPU
		{96EFB417-B4CB-4090-863C-615F17D2DC45}.Release|Any CPU.ActiveCfg = Release|Any CPU
		{96EFB417-B4CB-4090-863C-615F17D2DC45}.Release|Any CPU.Build.0 = Release|Any CPU
		{80E8D8E1-BB16-42CE-A43F-9FD1FD5F5E53}.Debug|Any CPU.ActiveCfg = Debug|Any CPU
		{80E8D8E1-BB16-42CE-A43F-9FD1FD5F5E53}.Debug|Any CPU.Build.0 = Debug|Any CPU
		{80E8D8E1-BB16-42CE-A43F-9FD1FD5F5E53}.Release|Any CPU.ActiveCfg = Release|Any CPU
		{80E8D8E1-BB16-42CE-A43F-9FD1FD5F5E53}.Release|Any CPU.Build.0 = Release|Any CPU
		{45BB020C-AEF4-469B-B422-B2151EB36944}.Debug|Any CPU.ActiveCfg = Debug|Any CPU
		{45BB020C-AEF4-469B-B422-B2151EB36944}.Debug|Any CPU.Build.0 = Debug|Any CPU
		{45BB020C-AEF4-469B-B422-B2151EB36944}.Release|Any CPU.ActiveCfg = Release|Any CPU
		{45BB020C-AEF4-469B-B422-B2151EB36944}.Release|Any CPU.Build.0 = Release|Any CPU
		{C9659000-2D6A-428D-B44F-020FB0CF5DB0}.Debug|Any CPU.ActiveCfg = Debug|Any CPU
		{C9659000-2D6A-428D-B44F-020FB0CF5DB0}.Debug|Any CPU.Build.0 = Debug|Any CPU
		{C9659000-2D6A-428D-B44F-020FB0CF5DB0}.Release|Any CPU.ActiveCfg = Release|Any CPU
		{C9659000-2D6A-428D-B44F-020FB0CF5DB0}.Release|Any CPU.Build.0 = Release|Any CPU
		{B98E3221-21A9-4A65-A8CE-C33117790134}.Debug|Any CPU.ActiveCfg = Debug|Any CPU
		{B98E3221-21A9-4A65-A8CE-C33117790134}.Debug|Any CPU.Build.0 = Debug|Any CPU
		{B98E3221-21A9-4A65-A8CE-C33117790134}.Release|Any CPU.ActiveCfg = Release|Any CPU
		{B98E3221-21A9-4A65-A8CE-C33117790134}.Release|Any CPU.Build.0 = Release|Any CPU
		{44A813EC-C2B0-4B70-A446-1847BDA653EA}.Debug|Any CPU.ActiveCfg = Debug|Any CPU
		{44A813EC-C2B0-4B70-A446-1847BDA653EA}.Debug|Any CPU.Build.0 = Debug|Any CPU
		{44A813EC-C2B0-4B70-A446-1847BDA653EA}.Release|Any CPU.ActiveCfg = Release|Any CPU
		{44A813EC-C2B0-4B70-A446-1847BDA653EA}.Release|Any CPU.Build.0 = Release|Any CPU
		{6A0F9FAE-1512-43E2-9CCD-13C3485AD802}.Debug|Any CPU.ActiveCfg = Debug|Any CPU
		{6A0F9FAE-1512-43E2-9CCD-13C3485AD802}.Debug|Any CPU.Build.0 = Debug|Any CPU
		{6A0F9FAE-1512-43E2-9CCD-13C3485AD802}.Release|Any CPU.ActiveCfg = Release|Any CPU
		{6A0F9FAE-1512-43E2-9CCD-13C3485AD802}.Release|Any CPU.Build.0 = Release|Any CPU
		{71BE66FA-B596-497F-AD5B-7D530CD05C6E}.Debug|Any CPU.ActiveCfg = Debug|Any CPU
		{71BE66FA-B596-497F-AD5B-7D530CD05C6E}.Debug|Any CPU.Build.0 = Debug|Any CPU
		{71BE66FA-B596-497F-AD5B-7D530CD05C6E}.Release|Any CPU.ActiveCfg = Release|Any CPU
		{71BE66FA-B596-497F-AD5B-7D530CD05C6E}.Release|Any CPU.Build.0 = Release|Any CPU
		{BB7E5241-7C39-4D7C-86E0-DBD2B92DACC3}.Debug|Any CPU.ActiveCfg = Debug|Any CPU
		{BB7E5241-7C39-4D7C-86E0-DBD2B92DACC3}.Debug|Any CPU.Build.0 = Debug|Any CPU
		{BB7E5241-7C39-4D7C-86E0-DBD2B92DACC3}.Release|Any CPU.ActiveCfg = Release|Any CPU
		{BB7E5241-7C39-4D7C-86E0-DBD2B92DACC3}.Release|Any CPU.Build.0 = Release|Any CPU
		{612EE685-F769-407D-BEDB-8035EB8B27E1}.Debug|Any CPU.ActiveCfg = Debug|Any CPU
		{612EE685-F769-407D-BEDB-8035EB8B27E1}.Debug|Any CPU.Build.0 = Debug|Any CPU
		{612EE685-F769-407D-BEDB-8035EB8B27E1}.Release|Any CPU.ActiveCfg = Release|Any CPU
		{612EE685-F769-407D-BEDB-8035EB8B27E1}.Release|Any CPU.Build.0 = Release|Any CPU
		{69A0A55E-1ED1-421E-AD70-D4FB68C0904F}.Debug|Any CPU.ActiveCfg = Debug|Any CPU
		{69A0A55E-1ED1-421E-AD70-D4FB68C0904F}.Debug|Any CPU.Build.0 = Debug|Any CPU
		{69A0A55E-1ED1-421E-AD70-D4FB68C0904F}.Release|Any CPU.ActiveCfg = Release|Any CPU
		{69A0A55E-1ED1-421E-AD70-D4FB68C0904F}.Release|Any CPU.Build.0 = Release|Any CPU
		{3070EC32-E649-49F1-9EA9-311A4789B331}.Debug|Any CPU.ActiveCfg = Debug|Any CPU
		{3070EC32-E649-49F1-9EA9-311A4789B331}.Debug|Any CPU.Build.0 = Debug|Any CPU
		{3070EC32-E649-49F1-9EA9-311A4789B331}.Release|Any CPU.ActiveCfg = Release|Any CPU
		{3070EC32-E649-49F1-9EA9-311A4789B331}.Release|Any CPU.Build.0 = Release|Any CPU
		{160B4D7E-0D2D-4E37-99D1-619BA359D4E5}.Debug|Any CPU.ActiveCfg = Debug|Any CPU
		{160B4D7E-0D2D-4E37-99D1-619BA359D4E5}.Debug|Any CPU.Build.0 = Debug|Any CPU
		{160B4D7E-0D2D-4E37-99D1-619BA359D4E5}.Release|Any CPU.ActiveCfg = Release|Any CPU
		{160B4D7E-0D2D-4E37-99D1-619BA359D4E5}.Release|Any CPU.Build.0 = Release|Any CPU
	EndGlobalSection
	GlobalSection(SolutionProperties) = preSolution
		HideSolutionNode = FALSE
	EndGlobalSection
	GlobalSection(ExtensibilityGlobals) = postSolution
		SolutionGuid = {4A9662B0-9E89-4A0F-A4F2-B0E76B96F911}
	EndGlobalSection
EndGlobal
