
Microsoft Visual Studio Solution File, Format Version 12.00
# Visual Studio 15
VisualStudioVersion = 15.0.27428.1
MinimumVisualStudioVersion = 10.0.40219.1
Project("{FAE04EC0-301F-11D3-BF4B-00C04F79EFBC}") = "Rectangle", "ConsoleApp1\Rectangle.csproj", "{B65FB41F-3D98-4B7C-9DB9-08884B0EABCD}"
EndProject
Project("{FAE04EC0-301F-11D3-BF4B-00C04F79EFBC}") = "Hw02.1", "Hw02.1\Hw02.1.csproj", "{A203A191-47EC-4E7F-997F-8696884392E7}"
EndProject
Project("{FAE04EC0-301F-11D3-BF4B-00C04F79EFBC}") = "Hw02.2", "Hw02.2\Hw02.2.csproj", "{D84BFBFE-5E1C-4BA4-BB25-2BAC2FB15028}"
EndProject
Project("{FAE04EC0-301F-11D3-BF4B-00C04F79EFBC}") = "Hw022.1", "Hw022.1\Hw022.1.csproj", "{6844ECD6-707A-4B9A-9001-D4D299D5B732}"
EndProject
Project("{FAE04EC0-301F-11D3-BF4B-00C04F79EFBC}") = "Hw022.2", "Hw022.2\Hw022.2.csproj", "{E73B180F-35DF-4946-8DD9-6F4A786ACB8A}"
EndProject
Global
	GlobalSection(SolutionConfigurationPlatforms) = preSolution
		Debug|Any CPU = Debug|Any CPU
		Release|Any CPU = Release|Any CPU
	EndGlobalSection
	GlobalSection(ProjectConfigurationPlatforms) = postSolution
		{B65FB41F-3D98-4B7C-9DB9-08884B0EABCD}.Debug|Any CPU.ActiveCfg = Debug|Any CPU
		{B65FB41F-3D98-4B7C-9DB9-08884B0EABCD}.Debug|Any CPU.Build.0 = Debug|Any CPU
		{B65FB41F-3D98-4B7C-9DB9-08884B0EABCD}.Release|Any CPU.ActiveCfg = Release|Any CPU
		{B65FB41F-3D98-4B7C-9DB9-08884B0EABCD}.Release|Any CPU.Build.0 = Release|Any CPU
		{A203A191-47EC-4E7F-997F-8696884392E7}.Debug|Any CPU.ActiveCfg = Debug|Any CPU
		{A203A191-47EC-4E7F-997F-8696884392E7}.Debug|Any CPU.Build.0 = Debug|Any CPU
		{A203A191-47EC-4E7F-997F-8696884392E7}.Release|Any CPU.ActiveCfg = Release|Any CPU
		{A203A191-47EC-4E7F-997F-8696884392E7}.Release|Any CPU.Build.0 = Release|Any CPU
		{D84BFBFE-5E1C-4BA4-BB25-2BAC2FB15028}.Debug|Any CPU.ActiveCfg = Debug|Any CPU
		{D84BFBFE-5E1C-4BA4-BB25-2BAC2FB15028}.Debug|Any CPU.Build.0 = Debug|Any CPU
		{D84BFBFE-5E1C-4BA4-BB25-2BAC2FB15028}.Release|Any CPU.ActiveCfg = Release|Any CPU
		{D84BFBFE-5E1C-4BA4-BB25-2BAC2FB15028}.Release|Any CPU.Build.0 = Release|Any CPU
		{6844ECD6-707A-4B9A-9001-D4D299D5B732}.Debug|Any CPU.ActiveCfg = Debug|Any CPU
		{6844ECD6-707A-4B9A-9001-D4D299D5B732}.Debug|Any CPU.Build.0 = Debug|Any CPU
		{6844ECD6-707A-4B9A-9001-D4D299D5B732}.Release|Any CPU.ActiveCfg = Release|Any CPU
		{6844ECD6-707A-4B9A-9001-D4D299D5B732}.Release|Any CPU.Build.0 = Release|Any CPU
		{E73B180F-35DF-4946-8DD9-6F4A786ACB8A}.Debug|Any CPU.ActiveCfg = Debug|Any CPU
		{E73B180F-35DF-4946-8DD9-6F4A786ACB8A}.Debug|Any CPU.Build.0 = Debug|Any CPU
		{E73B180F-35DF-4946-8DD9-6F4A786ACB8A}.Release|Any CPU.ActiveCfg = Release|Any CPU
		{E73B180F-35DF-4946-8DD9-6F4A786ACB8A}.Release|Any CPU.Build.0 = Release|Any CPU
	EndGlobalSection
	GlobalSection(SolutionProperties) = preSolution
		HideSolutionNode = FALSE
	EndGlobalSection
	GlobalSection(ExtensibilityGlobals) = postSolution
		SolutionGuid = {6356E959-5F0F-4299-BF77-12FAC1C10680}
	EndGlobalSection
EndGlobal
